Microsoft Visual Studio Solution File, Format Version 12.00
# Visual Studio Version 17
VisualStudioVersion = 17.5.2.0
MinimumVisualStudioVersion = 10.0.40219.1
Project("{FAE04EC0-301F-11D3-BF4B-00C04F79EFBC}") = "In-the-Castle-of-the-King", "In-the-Castle-of-the-King.csproj", "{1DC59F13-F981-C95E-9EB2-AC14A51C0FBE}"
EndProject
Global
	GlobalSection(SolutionConfigurationPlatforms) = preSolution
		Debug|Any CPU = Debug|Any CPU
		Release|Any CPU = Release|Any CPU
	EndGlobalSection
	GlobalSection(ProjectConfigurationPlatforms) = postSolution
		{1DC59F13-F981-C95E-9EB2-AC14A51C0FBE}.Debug|Any CPU.ActiveCfg = Debug|Any CPU
		{1DC59F13-F981-C95E-9EB2-AC14A51C0FBE}.Debug|Any CPU.Build.0 = Debug|Any CPU
		{1DC59F13-F981-C95E-9EB2-AC14A51C0FBE}.Release|Any CPU.ActiveCfg = Release|Any CPU
		{1DC59F13-F981-C95E-9EB2-AC14A51C0FBE}.Release|Any CPU.Build.0 = Release|Any CPU
	EndGlobalSection
	GlobalSection(SolutionProperties) = preSolution
		HideSolutionNode = FALSE
	EndGlobalSection
	GlobalSection(ExtensibilityGlobals) = postSolution
		SolutionGuid = {6DBE8DE7-6CC2-42CD-8EC4-2E65CA7B4FA1}
	EndGlobalSection
EndGlobal
